
Microsoft Visual Studio Solution File, Format Version 12.00
# Visual Studio Version 16
VisualStudioVersion = 16.0.30907.101
MinimumVisualStudioVersion = 10.0.40219.1
Project("{8BC9CEB8-8B4A-11D0-8D11-00A0C91BC942}") = "Laba7)OOP_Plius", "Laba7)OOP_Plius\Laba7)OOP_Plius.vcxproj", "{39482EA2-0620-4DC6-B214-1FF4C0B3C0A6}"
EndProject
Project("{9A19103F-16F7-4668-BE54-9A1E7A4F7556}") = "Laba7_OOP_new", "cSharp\Laba7_OOP_new\Laba7_OOP_new.csproj", "{407CD0F2-EAE7-46BA-A5A8-EE9976A96D14}"
EndProject
Project("{9A19103F-16F7-4668-BE54-9A1E7A4F7556}") = "Laba7Lib", "cSharp\Laba7Lib\Laba7Lib.csproj", "{C79FBEC8-4FAB-4201-BB70-6C0F3D330BB5}"
EndProject
Global
	GlobalSection(SolutionConfigurationPlatforms) = preSolution
		Debug|Any CPU = Debug|Any CPU
		Debug|x64 = Debug|x64
		Debug|x86 = Debug|x86
		Release|Any CPU = Release|Any CPU
		Release|x64 = Release|x64
		Release|x86 = Release|x86
	EndGlobalSection
	GlobalSection(ProjectConfigurationPlatforms) = postSolution
		{39482EA2-0620-4DC6-B214-1FF4C0B3C0A6}.Debug|Any CPU.ActiveCfg = Debug|Win32
		{39482EA2-0620-4DC6-B214-1FF4C0B3C0A6}.Debug|x64.ActiveCfg = Debug|x64
		{39482EA2-0620-4DC6-B214-1FF4C0B3C0A6}.Debug|x64.Build.0 = Debug|x64
		{39482EA2-0620-4DC6-B214-1FF4C0B3C0A6}.Debug|x86.ActiveCfg = Debug|Win32
		{39482EA2-0620-4DC6-B214-1FF4C0B3C0A6}.Debug|x86.Build.0 = Debug|Win32
		{39482EA2-0620-4DC6-B214-1FF4C0B3C0A6}.Release|Any CPU.ActiveCfg = Release|Win32
		{39482EA2-0620-4DC6-B214-1FF4C0B3C0A6}.Release|x64.ActiveCfg = Release|x64
		{39482EA2-0620-4DC6-B214-1FF4C0B3C0A6}.Release|x64.Build.0 = Release|x64
		{39482EA2-0620-4DC6-B214-1FF4C0B3C0A6}.Release|x86.ActiveCfg = Release|Win32
		{39482EA2-0620-4DC6-B214-1FF4C0B3C0A6}.Release|x86.Build.0 = Release|Win32
		{407CD0F2-EAE7-46BA-A5A8-EE9976A96D14}.Debug|Any CPU.ActiveCfg = Debug|Any CPU
		{407CD0F2-EAE7-46BA-A5A8-EE9976A96D14}.Debug|Any CPU.Build.0 = Debug|Any CPU
		{407CD0F2-EAE7-46BA-A5A8-EE9976A96D14}.Debug|x64.ActiveCfg = Debug|Any CPU
		{407CD0F2-EAE7-46BA-A5A8-EE9976A96D14}.Debug|x64.Build.0 = Debug|Any CPU
		{407CD0F2-EAE7-46BA-A5A8-EE9976A96D14}.Debug|x86.ActiveCfg = Debug|Any CPU
		{407CD0F2-EAE7-46BA-A5A8-EE9976A96D14}.Debug|x86.Build.0 = Debug|Any CPU
		{407CD0F2-EAE7-46BA-A5A8-EE9976A96D14}.Release|Any CPU.ActiveCfg = Release|Any CPU
		{407CD0F2-EAE7-46BA-A5A8-EE9976A96D14}.Release|Any CPU.Build.0 = Release|Any CPU
		{407CD0F2-EAE7-46BA-A5A8-EE9976A96D14}.Release|x64.ActiveCfg = Release|Any CPU
		{407CD0F2-EAE7-46BA-A5A8-EE9976A96D14}.Release|x64.Build.0 = Release|Any CPU
		{407CD0F2-EAE7-46BA-A5A8-EE9976A96D14}.Release|x86.ActiveCfg = Release|Any CPU
		{407CD0F2-EAE7-46BA-A5A8-EE9976A96D14}.Release|x86.Build.0 = Release|Any CPU
		{C79FBEC8-4FAB-4201-BB70-6C0F3D330BB5}.Debug|Any CPU.ActiveCfg = Debug|Any CPU
		{C79FBEC8-4FAB-4201-BB70-6C0F3D330BB5}.Debug|Any CPU.Build.0 = Debug|Any CPU
		{C79FBEC8-4FAB-4201-BB70-6C0F3D330BB5}.Debug|x64.ActiveCfg = Debug|Any CPU
		{C79FBEC8-4FAB-4201-BB70-6C0F3D330BB5}.Debug|x64.Build.0 = Debug|Any CPU
		{C79FBEC8-4FAB-4201-BB70-6C0F3D330BB5}.Debug|x86.ActiveCfg = Debug|Any CPU
		{C79FBEC8-4FAB-4201-BB70-6C0F3D330BB5}.Debug|x86.Build.0 = Debug|Any CPU
		{C79FBEC8-4FAB-4201-BB70-6C0F3D330BB5}.Release|Any CPU.ActiveCfg = Release|Any CPU
		{C79FBEC8-4FAB-4201-BB70-6C0F3D330BB5}.Release|Any CPU.Build.0 = Release|Any CPU
		{C79FBEC8-4FAB-4201-BB70-6C0F3D330BB5}.Release|x64.ActiveCfg = Release|Any CPU
		{C79FBEC8-4FAB-4201-BB70-6C0F3D330BB5}.Release|x64.Build.0 = Release|Any CPU
		{C79FBEC8-4FAB-4201-BB70-6C0F3D330BB5}.Release|x86.ActiveCfg = Release|Any CPU
		{C79FBEC8-4FAB-4201-BB70-6C0F3D330BB5}.Release|x86.Build.0 = Release|Any CPU
	EndGlobalSection
	GlobalSection(SolutionProperties) = preSolution
		HideSolutionNode = FALSE
	EndGlobalSection
	GlobalSection(ExtensibilityGlobals) = postSolution
		SolutionGuid = {7B9A2422-D0E7-4524-9790-EB3BE1A20BFE}
	EndGlobalSection
EndGlobal
